
Microsoft Visual Studio Solution File, Format Version 12.00
# Visual Studio Version 16
VisualStudioVersion = 16.0.30204.135
MinimumVisualStudioVersion = 10.0.40219.1
Project("{FAE04EC0-301F-11D3-BF4B-00C04F79EFBC}") = "CanDelete", "CanDelete\CanDelete.csproj", "{2026282E-FF91-4CEB-8977-BF921A91B97E}"
EndProject
Global
	GlobalSection(SolutionConfigurationPlatforms) = preSolution
		Debug|Any CPU = Debug|Any CPU
		Release|Any CPU = Release|Any CPU
	EndGlobalSection
	GlobalSection(ProjectConfigurationPlatforms) = postSolution
		{2026282E-FF91-4CEB-8977-BF921A91B97E}.Debug|Any CPU.ActiveCfg = Debug|Any CPU
		{2026282E-FF91-4CEB-8977-BF921A91B97E}.Debug|Any CPU.Build.0 = Debug|Any CPU
		{2026282E-FF91-4CEB-8977-BF921A91B97E}.Release|Any CPU.ActiveCfg = Release|Any CPU
		{2026282E-FF91-4CEB-8977-BF921A91B97E}.Release|Any CPU.Build.0 = Release|Any CPU
	EndGlobalSection
	GlobalSection(SolutionProperties) = preSolution
		HideSolutionNode = FALSE
	EndGlobalSection
	GlobalSection(ExtensibilityGlobals) = postSolution
		SolutionGuid = {87CB5A2F-77B8-4AC9-BA29-8C783F20153D}
	EndGlobalSection
EndGlobal
